
Microsoft Visual Studio Solution File, Format Version 12.00
# Visual Studio 2013
VisualStudioVersion = 12.0.30501.0
MinimumVisualStudioVersion = 10.0.40219.1
Project("{E24C65DC-7377-472B-9ABA-BC803B73C61A}") = "Trillium.umbraco", "http://localhost:64893", "{DC6F505A-E926-469D-B1D3-C08AC9B75742}"
	ProjectSection(WebsiteProperties) = preProject
		UseIISExpress = "true"
		TargetFrameworkMoniker = ".NETFramework,Version%3Dv4.5"
		Debug.AspNetCompiler.VirtualPath = "/localhost_64893"
		Debug.AspNetCompiler.PhysicalPath = "Trillium.umbraco\"
		Debug.AspNetCompiler.TargetPath = "PrecompiledWeb\localhost_64893\"
		Debug.AspNetCompiler.Updateable = "true"
		Debug.AspNetCompiler.ForceOverwrite = "true"
		Debug.AspNetCompiler.FixedNames = "false"
		Debug.AspNetCompiler.Debug = "True"
		Release.AspNetCompiler.VirtualPath = "/localhost_64893"
		Release.AspNetCompiler.PhysicalPath = "Trillium.umbraco\"
		Release.AspNetCompiler.TargetPath = "PrecompiledWeb\localhost_64893\"
		Release.AspNetCompiler.Updateable = "true"
		Release.AspNetCompiler.ForceOverwrite = "true"
		Release.AspNetCompiler.FixedNames = "false"
		Release.AspNetCompiler.Debug = "False"
		SlnRelativePath = "Trillium.umbraco\"
	EndProjectSection
EndProject
Project("{FAE04EC0-301F-11D3-BF4B-00C04F79EFBC}") = "Trillium", "Trillium\Trillium.csproj", "{1101250E-45A5-4F94-A51B-8530E0CE590B}"
EndProject
Global
	GlobalSection(SolutionConfigurationPlatforms) = preSolution
		Debug|Any CPU = Debug|Any CPU
		Release|Any CPU = Release|Any CPU
	EndGlobalSection
	GlobalSection(ProjectConfigurationPlatforms) = postSolution
		{DC6F505A-E926-469D-B1D3-C08AC9B75742}.Debug|Any CPU.ActiveCfg = Debug|Any CPU
		{DC6F505A-E926-469D-B1D3-C08AC9B75742}.Debug|Any CPU.Build.0 = Debug|Any CPU
		{DC6F505A-E926-469D-B1D3-C08AC9B75742}.Release|Any CPU.ActiveCfg = Debug|Any CPU
		{DC6F505A-E926-469D-B1D3-C08AC9B75742}.Release|Any CPU.Build.0 = Debug|Any CPU
		{1101250E-45A5-4F94-A51B-8530E0CE590B}.Debug|Any CPU.ActiveCfg = Debug|Any CPU
		{1101250E-45A5-4F94-A51B-8530E0CE590B}.Debug|Any CPU.Build.0 = Debug|Any CPU
		{1101250E-45A5-4F94-A51B-8530E0CE590B}.Release|Any CPU.ActiveCfg = Release|Any CPU
		{1101250E-45A5-4F94-A51B-8530E0CE590B}.Release|Any CPU.Build.0 = Release|Any CPU
	EndGlobalSection
	GlobalSection(SolutionProperties) = preSolution
		HideSolutionNode = FALSE
	EndGlobalSection
EndGlobal
